
Microsoft Visual Studio Solution File, Format Version 12.00
# Visual Studio Version 16
VisualStudioVersion = 16.0.30611.23
MinimumVisualStudioVersion = 10.0.40219.1
Project("{FAE04EC0-301F-11D3-BF4B-00C04F79EFBC}") = "Kontaktbok", "Kontaktbok\Kontaktbok.csproj", "{FF92E799-AFE2-415D-85FF-74AD4741297E}"
EndProject
Global
	GlobalSection(SolutionConfigurationPlatforms) = preSolution
		Debug|Any CPU = Debug|Any CPU
		Release|Any CPU = Release|Any CPU
	EndGlobalSection
	GlobalSection(ProjectConfigurationPlatforms) = postSolution
		{FF92E799-AFE2-415D-85FF-74AD4741297E}.Debug|Any CPU.ActiveCfg = Debug|Any CPU
		{FF92E799-AFE2-415D-85FF-74AD4741297E}.Debug|Any CPU.Build.0 = Debug|Any CPU
		{FF92E799-AFE2-415D-85FF-74AD4741297E}.Release|Any CPU.ActiveCfg = Release|Any CPU
		{FF92E799-AFE2-415D-85FF-74AD4741297E}.Release|Any CPU.Build.0 = Release|Any CPU
	EndGlobalSection
	GlobalSection(SolutionProperties) = preSolution
		HideSolutionNode = FALSE
	EndGlobalSection
	GlobalSection(ExtensibilityGlobals) = postSolution
		SolutionGuid = {410DE17A-3572-45A8-987F-1109692A7C48}
	EndGlobalSection
EndGlobal
